
Microsoft Visual Studio Solution File, Format Version 12.00
# Visual Studio 14
VisualStudioVersion = 14.0.25420.1
MinimumVisualStudioVersion = 10.0.40219.1
Project("{FAE04EC0-301F-11D3-BF4B-00C04F79EFBC}") = "Employee List", "Employee List\Employee List.csproj", "{7C57B930-73F8-4841-8E27-FC9D52708050}"
EndProject
Global
	GlobalSection(SolutionConfigurationPlatforms) = preSolution
		Debug|Any CPU = Debug|Any CPU
		Release|Any CPU = Release|Any CPU
	EndGlobalSection
	GlobalSection(ProjectConfigurationPlatforms) = postSolution
		{7C57B930-73F8-4841-8E27-FC9D52708050}.Debug|Any CPU.ActiveCfg = Debug|Any CPU
		{7C57B930-73F8-4841-8E27-FC9D52708050}.Debug|Any CPU.Build.0 = Debug|Any CPU
		{7C57B930-73F8-4841-8E27-FC9D52708050}.Release|Any CPU.ActiveCfg = Release|Any CPU
		{7C57B930-73F8-4841-8E27-FC9D52708050}.Release|Any CPU.Build.0 = Release|Any CPU
	EndGlobalSection
	GlobalSection(SolutionProperties) = preSolution
		HideSolutionNode = FALSE
	EndGlobalSection
EndGlobal
